
Microsoft Visual Studio Solution File, Format Version 12.00
# Visual Studio Version 16
VisualStudioVersion = 16.0.30011.22
MinimumVisualStudioVersion = 10.0.40219.1
Project("{FAE04EC0-301F-11D3-BF4B-00C04F79EFBC}") = "TestingSystem", "TestingSystem\TestingSystem.csproj", "{0E92C1BA-5326-4E49-9550-A26045F59024}"
EndProject
Project("{FAE04EC0-301F-11D3-BF4B-00C04F79EFBC}") = "TestingSystem.Data", "TestingSystem.Data\TestingSystem.Data.csproj", "{63E7B40F-89CC-4D24-892A-05833437CD1A}"
EndProject
Project("{FAE04EC0-301F-11D3-BF4B-00C04F79EFBC}") = "TestingSystem.Data.Tests", "TestingSystem.Data.Tests\TestingSystem.Data.Tests.csproj", "{6A2E6759-AF64-489A-A6B4-C85B2EC2F135}"
EndProject
Global
	GlobalSection(SolutionConfigurationPlatforms) = preSolution
		Debug|Any CPU = Debug|Any CPU
		Release|Any CPU = Release|Any CPU
	EndGlobalSection
	GlobalSection(ProjectConfigurationPlatforms) = postSolution
		{0E92C1BA-5326-4E49-9550-A26045F59024}.Debug|Any CPU.ActiveCfg = Debug|Any CPU
		{0E92C1BA-5326-4E49-9550-A26045F59024}.Debug|Any CPU.Build.0 = Debug|Any CPU
		{0E92C1BA-5326-4E49-9550-A26045F59024}.Release|Any CPU.ActiveCfg = Release|Any CPU
		{0E92C1BA-5326-4E49-9550-A26045F59024}.Release|Any CPU.Build.0 = Release|Any CPU
		{63E7B40F-89CC-4D24-892A-05833437CD1A}.Debug|Any CPU.ActiveCfg = Debug|Any CPU
		{63E7B40F-89CC-4D24-892A-05833437CD1A}.Debug|Any CPU.Build.0 = Debug|Any CPU
		{63E7B40F-89CC-4D24-892A-05833437CD1A}.Release|Any CPU.ActiveCfg = Release|Any CPU
		{63E7B40F-89CC-4D24-892A-05833437CD1A}.Release|Any CPU.Build.0 = Release|Any CPU
		{6A2E6759-AF64-489A-A6B4-C85B2EC2F135}.Debug|Any CPU.ActiveCfg = Debug|Any CPU
		{6A2E6759-AF64-489A-A6B4-C85B2EC2F135}.Debug|Any CPU.Build.0 = Debug|Any CPU
		{6A2E6759-AF64-489A-A6B4-C85B2EC2F135}.Release|Any CPU.ActiveCfg = Release|Any CPU
		{6A2E6759-AF64-489A-A6B4-C85B2EC2F135}.Release|Any CPU.Build.0 = Release|Any CPU
	EndGlobalSection
	GlobalSection(SolutionProperties) = preSolution
		HideSolutionNode = FALSE
	EndGlobalSection
	GlobalSection(ExtensibilityGlobals) = postSolution
		SolutionGuid = {C7BCB489-A30E-49C0-B21E-7902DF93480E}
	EndGlobalSection
EndGlobal
